
Microsoft Visual Studio Solution File, Format Version 12.00
# Visual Studio Version 17
VisualStudioVersion = 17.13.35806.99 d17.13
MinimumVisualStudioVersion = 10.0.40219.1
Project("{FAE04EC0-301F-11D3-BF4B-00C04F79EFBC}") = "TPMODUL3", "TPMODUL3\TPMODUL3.csproj", "{4D616F33-10C8-4BA6-A85A-42A694579634}"
EndProject
Global
	GlobalSection(SolutionConfigurationPlatforms) = preSolution
		Debug|Any CPU = Debug|Any CPU
		Release|Any CPU = Release|Any CPU
	EndGlobalSection
	GlobalSection(ProjectConfigurationPlatforms) = postSolution
		{4D616F33-10C8-4BA6-A85A-42A694579634}.Debug|Any CPU.ActiveCfg = Debug|Any CPU
		{4D616F33-10C8-4BA6-A85A-42A694579634}.Debug|Any CPU.Build.0 = Debug|Any CPU
		{4D616F33-10C8-4BA6-A85A-42A694579634}.Release|Any CPU.ActiveCfg = Release|Any CPU
		{4D616F33-10C8-4BA6-A85A-42A694579634}.Release|Any CPU.Build.0 = Release|Any CPU
	EndGlobalSection
	GlobalSection(SolutionProperties) = preSolution
		HideSolutionNode = FALSE
	EndGlobalSection
	GlobalSection(ExtensibilityGlobals) = postSolution
		SolutionGuid = {0A55BD2D-F2A9-414A-8C41-0A07C354BE9D}
	EndGlobalSection
EndGlobal
